
Microsoft Visual Studio Solution File, Format Version 12.00
# Visual Studio 15
Project("{FAE04EC0-301F-11D3-BF4B-00C04F79EFBC}") = "UnityEngine.TestRunner", "UnityEngine.TestRunner.csproj", "{3EC36B6D-0489-4F53-9194-E921A6064C99}"
EndProject
Project("{FAE04EC0-301F-11D3-BF4B-00C04F79EFBC}") = "Assembly-CSharp", "Assembly-CSharp.csproj", "{118B928D-F0D3-336E-422E-379FBBD4F21F}"
EndProject
Project("{FAE04EC0-301F-11D3-BF4B-00C04F79EFBC}") = "Unity.InputSystem", "Unity.InputSystem.csproj", "{6EABBBF4-28DA-708A-943B-7D126DDB09E3}"
EndProject
Project("{FAE04EC0-301F-11D3-BF4B-00C04F79EFBC}") = "UnityEngine.UI", "UnityEngine.UI.csproj", "{30D51F11-479C-3A66-AEE5-93CC6385F704}"
EndProject
Project("{FAE04EC0-301F-11D3-BF4B-00C04F79EFBC}") = "Unity.TextMeshPro", "Unity.TextMeshPro.csproj", "{AB97D450-9B18-979A-4E3D-2E3D7F6DE947}"
EndProject
Project("{FAE04EC0-301F-11D3-BF4B-00C04F79EFBC}") = "Unity.Timeline", "Unity.Timeline.csproj", "{5AD35CBA-40F7-493E-E9C1-D1A9ADC7FD89}"
EndProject
Project("{FAE04EC0-301F-11D3-BF4B-00C04F79EFBC}") = "Unity.TextMeshPro.Editor", "Unity.TextMeshPro.Editor.csproj", "{04FA45A4-3217-1086-FDC8-18FF9A9ED711}"
EndProject
Project("{FAE04EC0-301F-11D3-BF4B-00C04F79EFBC}") = "Unity.Timeline.Editor", "Unity.Timeline.Editor.csproj", "{D31B8746-3FC1-FCC2-977E-C890430E4B6C}"
EndProject
Project("{FAE04EC0-301F-11D3-BF4B-00C04F79EFBC}") = "UnityEditor.TestRunner", "UnityEditor.TestRunner.csproj", "{EC2F191E-3F62-D0F9-2F54-19B909A466A6}"
EndProject
Project("{FAE04EC0-301F-11D3-BF4B-00C04F79EFBC}") = "Assembly-CSharp-Editor", "Assembly-CSharp-Editor.csproj", "{95CC9186-7E92-8473-6D28-9A6B286BC0CD}"
EndProject
Project("{FAE04EC0-301F-11D3-BF4B-00C04F79EFBC}") = "Unity.2D.Sprite.Editor", "Unity.2D.Sprite.Editor.csproj", "{EA440328-AC08-EBB1-8D22-2A706C915227}"
EndProject
Project("{FAE04EC0-301F-11D3-BF4B-00C04F79EFBC}") = "UnityEditor.UI", "UnityEditor.UI.csproj", "{52A2ACC3-FF37-56AF-D53C-3169ABFE8205}"
EndProject
Project("{FAE04EC0-301F-11D3-BF4B-00C04F79EFBC}") = "Unity.Rider.Editor", "Unity.Rider.Editor.csproj", "{D5C0B4E6-8678-E909-4363-CD8CBAFE052B}"
EndProject
Project("{FAE04EC0-301F-11D3-BF4B-00C04F79EFBC}") = "Unity.2D.Tilemap.Editor", "Unity.2D.Tilemap.Editor.csproj", "{9D19B61F-ED51-55C7-63FD-259552764253}"
EndProject
Project("{FAE04EC0-301F-11D3-BF4B-00C04F79EFBC}") = "Unity.CollabProxy.Editor", "Unity.CollabProxy.Editor.csproj", "{53434044-0D9A-60AC-9891-ABCBCFA2C23A}"
EndProject
Project("{FAE04EC0-301F-11D3-BF4B-00C04F79EFBC}") = "Unity.VSCode.Editor", "Unity.VSCode.Editor.csproj", "{73CD2B77-88A1-F9B1-C0F5-2458717E18FE}"
EndProject
Global
	GlobalSection(SolutionConfigurationPlatforms) = preSolution
		Debug|Any CPU = Debug|Any CPU
		Release|Any CPU = Release|Any CPU
	EndGlobalSection
	GlobalSection(ProjectConfigurationPlatforms) = postSolution
		{3EC36B6D-0489-4F53-9194-E921A6064C99}.Debug|Any CPU.ActiveCfg = Debug|Any CPU
		{3EC36B6D-0489-4F53-9194-E921A6064C99}.Debug|Any CPU.Build.0 = Debug|Any CPU
		{3EC36B6D-0489-4F53-9194-E921A6064C99}.Release|Any CPU.ActiveCfg = Release|Any CPU
		{3EC36B6D-0489-4F53-9194-E921A6064C99}.Release|Any CPU.Build.0 = Release|Any CPU
		{118B928D-F0D3-336E-422E-379FBBD4F21F}.Debug|Any CPU.ActiveCfg = Debug|Any CPU
		{118B928D-F0D3-336E-422E-379FBBD4F21F}.Debug|Any CPU.Build.0 = Debug|Any CPU
		{118B928D-F0D3-336E-422E-379FBBD4F21F}.Release|Any CPU.ActiveCfg = Release|Any CPU
		{118B928D-F0D3-336E-422E-379FBBD4F21F}.Release|Any CPU.Build.0 = Release|Any CPU
		{6EABBBF4-28DA-708A-943B-7D126DDB09E3}.Debug|Any CPU.ActiveCfg = Debug|Any CPU
		{6EABBBF4-28DA-708A-943B-7D126DDB09E3}.Debug|Any CPU.Build.0 = Debug|Any CPU
		{6EABBBF4-28DA-708A-943B-7D126DDB09E3}.Release|Any CPU.ActiveCfg = Release|Any CPU
		{6EABBBF4-28DA-708A-943B-7D126DDB09E3}.Release|Any CPU.Build.0 = Release|Any CPU
		{30D51F11-479C-3A66-AEE5-93CC6385F704}.Debug|Any CPU.ActiveCfg = Debug|Any CPU
		{30D51F11-479C-3A66-AEE5-93CC6385F704}.Debug|Any CPU.Build.0 = Debug|Any CPU
		{30D51F11-479C-3A66-AEE5-93CC6385F704}.Release|Any CPU.ActiveCfg = Release|Any CPU
		{30D51F11-479C-3A66-AEE5-93CC6385F704}.Release|Any CPU.Build.0 = Release|Any CPU
		{AB97D450-9B18-979A-4E3D-2E3D7F6DE947}.Debug|Any CPU.ActiveCfg = Debug|Any CPU
		{AB97D450-9B18-979A-4E3D-2E3D7F6DE947}.Debug|Any CPU.Build.0 = Debug|Any CPU
		{AB97D450-9B18-979A-4E3D-2E3D7F6DE947}.Release|Any CPU.ActiveCfg = Release|Any CPU
		{AB97D450-9B18-979A-4E3D-2E3D7F6DE947}.Release|Any CPU.Build.0 = Release|Any CPU
		{5AD35CBA-40F7-493E-E9C1-D1A9ADC7FD89}.Debug|Any CPU.ActiveCfg = Debug|Any CPU
		{5AD35CBA-40F7-493E-E9C1-D1A9ADC7FD89}.Debug|Any CPU.Build.0 = Debug|Any CPU
		{5AD35CBA-40F7-493E-E9C1-D1A9ADC7FD89}.Release|Any CPU.ActiveCfg = Release|Any CPU
		{5AD35CBA-40F7-493E-E9C1-D1A9ADC7FD89}.Release|Any CPU.Build.0 = Release|Any CPU
		{04FA45A4-3217-1086-FDC8-18FF9A9ED711}.Debug|Any CPU.ActiveCfg = Debug|Any CPU
		{04FA45A4-3217-1086-FDC8-18FF9A9ED711}.Debug|Any CPU.Build.0 = Debug|Any CPU
		{04FA45A4-3217-1086-FDC8-18FF9A9ED711}.Release|Any CPU.ActiveCfg = Release|Any CPU
		{04FA45A4-3217-1086-FDC8-18FF9A9ED711}.Release|Any CPU.Build.0 = Release|Any CPU
		{D31B8746-3FC1-FCC2-977E-C890430E4B6C}.Debug|Any CPU.ActiveCfg = Debug|Any CPU
		{D31B8746-3FC1-FCC2-977E-C890430E4B6C}.Debug|Any CPU.Build.0 = Debug|Any CPU
		{D31B8746-3FC1-FCC2-977E-C890430E4B6C}.Release|Any CPU.ActiveCfg = Release|Any CPU
		{D31B8746-3FC1-FCC2-977E-C890430E4B6C}.Release|Any CPU.Build.0 = Release|Any CPU
		{EC2F191E-3F62-D0F9-2F54-19B909A466A6}.Debug|Any CPU.ActiveCfg = Debug|Any CPU
		{EC2F191E-3F62-D0F9-2F54-19B909A466A6}.Debug|Any CPU.Build.0 = Debug|Any CPU
		{EC2F191E-3F62-D0F9-2F54-19B909A466A6}.Release|Any CPU.ActiveCfg = Release|Any CPU
		{EC2F191E-3F62-D0F9-2F54-19B909A466A6}.Release|Any CPU.Build.0 = Release|Any CPU
		{95CC9186-7E92-8473-6D28-9A6B286BC0CD}.Debug|Any CPU.ActiveCfg = Debug|Any CPU
		{95CC9186-7E92-8473-6D28-9A6B286BC0CD}.Debug|Any CPU.Build.0 = Debug|Any CPU
		{95CC9186-7E92-8473-6D28-9A6B286BC0CD}.Release|Any CPU.ActiveCfg = Release|Any CPU
		{95CC9186-7E92-8473-6D28-9A6B286BC0CD}.Release|Any CPU.Build.0 = Release|Any CPU
		{EA440328-AC08-EBB1-8D22-2A706C915227}.Debug|Any CPU.ActiveCfg = Debug|Any CPU
		{EA440328-AC08-EBB1-8D22-2A706C915227}.Debug|Any CPU.Build.0 = Debug|Any CPU
		{EA440328-AC08-EBB1-8D22-2A706C915227}.Release|Any CPU.ActiveCfg = Release|Any CPU
		{EA440328-AC08-EBB1-8D22-2A706C915227}.Release|Any CPU.Build.0 = Release|Any CPU
		{52A2ACC3-FF37-56AF-D53C-3169ABFE8205}.Debug|Any CPU.ActiveCfg = Debug|Any CPU
		{52A2ACC3-FF37-56AF-D53C-3169ABFE8205}.Debug|Any CPU.Build.0 = Debug|Any CPU
		{52A2ACC3-FF37-56AF-D53C-3169ABFE8205}.Release|Any CPU.ActiveCfg = Release|Any CPU
		{52A2ACC3-FF37-56AF-D53C-3169ABFE8205}.Release|Any CPU.Build.0 = Release|Any CPU
		{D5C0B4E6-8678-E909-4363-CD8CBAFE052B}.Debug|Any CPU.ActiveCfg = Debug|Any CPU
		{D5C0B4E6-8678-E909-4363-CD8CBAFE052B}.Debug|Any CPU.Build.0 = Debug|Any CPU
		{D5C0B4E6-8678-E909-4363-CD8CBAFE052B}.Release|Any CPU.ActiveCfg = Release|Any CPU
		{D5C0B4E6-8678-E909-4363-CD8CBAFE052B}.Release|Any CPU.Build.0 = Release|Any CPU
		{9D19B61F-ED51-55C7-63FD-259552764253}.Debug|Any CPU.ActiveCfg = Debug|Any CPU
		{9D19B61F-ED51-55C7-63FD-259552764253}.Debug|Any CPU.Build.0 = Debug|Any CPU
		{9D19B61F-ED51-55C7-63FD-259552764253}.Release|Any CPU.ActiveCfg = Release|Any CPU
		{9D19B61F-ED51-55C7-63FD-259552764253}.Release|Any CPU.Build.0 = Release|Any CPU
		{53434044-0D9A-60AC-9891-ABCBCFA2C23A}.Debug|Any CPU.ActiveCfg = Debug|Any CPU
		{53434044-0D9A-60AC-9891-ABCBCFA2C23A}.Debug|Any CPU.Build.0 = Debug|Any CPU
		{53434044-0D9A-60AC-9891-ABCBCFA2C23A}.Release|Any CPU.ActiveCfg = Release|Any CPU
		{53434044-0D9A-60AC-9891-ABCBCFA2C23A}.Release|Any CPU.Build.0 = Release|Any CPU
		{73CD2B77-88A1-F9B1-C0F5-2458717E18FE}.Debug|Any CPU.ActiveCfg = Debug|Any CPU
		{73CD2B77-88A1-F9B1-C0F5-2458717E18FE}.Debug|Any CPU.Build.0 = Debug|Any CPU
		{73CD2B77-88A1-F9B1-C0F5-2458717E18FE}.Release|Any CPU.ActiveCfg = Release|Any CPU
		{73CD2B77-88A1-F9B1-C0F5-2458717E18FE}.Release|Any CPU.Build.0 = Release|Any CPU
	EndGlobalSection
	GlobalSection(SolutionProperties) = preSolution
		HideSolutionNode = FALSE
	EndGlobalSection
EndGlobal
